
Microsoft Visual Studio Solution File, Format Version 12.00
# Visual Studio Version 17
VisualStudioVersion = 17.7.34221.43
MinimumVisualStudioVersion = 10.0.40219.1
Project("{2150E333-8FDC-42A3-9474-1A3956D46DE8}") = "1 - Application", "1 - Application", "{D4D65EB6-092E-440A-9F19-CD572D53978D}"
EndProject
Project("{2150E333-8FDC-42A3-9474-1A3956D46DE8}") = "2 - Domain", "2 - Domain", "{5E77D158-3EA6-493A-92B0-5A32FB2DBFF7}"
EndProject
Project("{2150E333-8FDC-42A3-9474-1A3956D46DE8}") = "3 - Service", "3 - Service", "{820A4343-F2E2-4AFA-B86B-B8842FA48FF1}"
EndProject
Project("{2150E333-8FDC-42A3-9474-1A3956D46DE8}") = "4 - Infra", "4 - Infra", "{0B01FC2B-EC69-4B92-B952-A2EEBB50AF27}"
EndProject
Project("{2150E333-8FDC-42A3-9474-1A3956D46DE8}") = "5 - Test", "5 - Test", "{B32350E6-3D9B-4FC2-AD03-45F10E4A06E9}"
EndProject
Project("{2150E333-8FDC-42A3-9474-1A3956D46DE8}") = "4.1 - Data", "4.1 - Data", "{D7ED641A-9720-45CE-A3C5-D265F5FC3E2B}"
EndProject
Project("{2150E333-8FDC-42A3-9474-1A3956D46DE8}") = "4.2 - CrossCutting", "4.2 - CrossCutting", "{94FAFE02-1814-4A5A-8AF6-DB46DA3132D5}"
EndProject
Project("{9A19103F-16F7-4668-BE54-9A1E7A4F7556}") = "Application", "Application\Application.csproj", "{0D832FAF-16B0-4581-931A-E8401B0C3AA1}"
EndProject
Project("{9A19103F-16F7-4668-BE54-9A1E7A4F7556}") = "Domain", "Domain\Domain.csproj", "{9D133C71-47DF-46B1-9383-79221CA7D11D}"
EndProject
Project("{9A19103F-16F7-4668-BE54-9A1E7A4F7556}") = "Service", "Service\Service.csproj", "{8BE567B7-837C-4E2F-A79F-F4A4943DB908}"
EndProject
Project("{9A19103F-16F7-4668-BE54-9A1E7A4F7556}") = "Data", "Data\Data.csproj", "{7AD926B6-D5DB-4100-BA50-342E9933FC63}"
EndProject
Project("{9A19103F-16F7-4668-BE54-9A1E7A4F7556}") = "CrossCutting", "CrossCutting\CrossCutting.csproj", "{4FEF1158-B9D0-425E-A551-DF77EE50BBD1}"
EndProject
Project("{9A19103F-16F7-4668-BE54-9A1E7A4F7556}") = "Test", "Test\Test.csproj", "{DA95D712-6038-4805-913D-B27CA5AC888F}"
EndProject
Global
	GlobalSection(SolutionConfigurationPlatforms) = preSolution
		Debug|Any CPU = Debug|Any CPU
		Release|Any CPU = Release|Any CPU
	EndGlobalSection
	GlobalSection(ProjectConfigurationPlatforms) = postSolution
		{0D832FAF-16B0-4581-931A-E8401B0C3AA1}.Debug|Any CPU.ActiveCfg = Debug|Any CPU
		{0D832FAF-16B0-4581-931A-E8401B0C3AA1}.Debug|Any CPU.Build.0 = Debug|Any CPU
		{0D832FAF-16B0-4581-931A-E8401B0C3AA1}.Release|Any CPU.ActiveCfg = Release|Any CPU
		{0D832FAF-16B0-4581-931A-E8401B0C3AA1}.Release|Any CPU.Build.0 = Release|Any CPU
		{9D133C71-47DF-46B1-9383-79221CA7D11D}.Debug|Any CPU.ActiveCfg = Debug|Any CPU
		{9D133C71-47DF-46B1-9383-79221CA7D11D}.Debug|Any CPU.Build.0 = Debug|Any CPU
		{9D133C71-47DF-46B1-9383-79221CA7D11D}.Release|Any CPU.ActiveCfg = Release|Any CPU
		{9D133C71-47DF-46B1-9383-79221CA7D11D}.Release|Any CPU.Build.0 = Release|Any CPU
		{8BE567B7-837C-4E2F-A79F-F4A4943DB908}.Debug|Any CPU.ActiveCfg = Debug|Any CPU
		{8BE567B7-837C-4E2F-A79F-F4A4943DB908}.Debug|Any CPU.Build.0 = Debug|Any CPU
		{8BE567B7-837C-4E2F-A79F-F4A4943DB908}.Release|Any CPU.ActiveCfg = Release|Any CPU
		{8BE567B7-837C-4E2F-A79F-F4A4943DB908}.Release|Any CPU.Build.0 = Release|Any CPU
		{7AD926B6-D5DB-4100-BA50-342E9933FC63}.Debug|Any CPU.ActiveCfg = Debug|Any CPU
		{7AD926B6-D5DB-4100-BA50-342E9933FC63}.Debug|Any CPU.Build.0 = Debug|Any CPU
		{7AD926B6-D5DB-4100-BA50-342E9933FC63}.Release|Any CPU.ActiveCfg = Release|Any CPU
		{7AD926B6-D5DB-4100-BA50-342E9933FC63}.Release|Any CPU.Build.0 = Release|Any CPU
		{4FEF1158-B9D0-425E-A551-DF77EE50BBD1}.Debug|Any CPU.ActiveCfg = Debug|Any CPU
		{4FEF1158-B9D0-425E-A551-DF77EE50BBD1}.Debug|Any CPU.Build.0 = Debug|Any CPU
		{4FEF1158-B9D0-425E-A551-DF77EE50BBD1}.Release|Any CPU.ActiveCfg = Release|Any CPU
		{4FEF1158-B9D0-425E-A551-DF77EE50BBD1}.Release|Any CPU.Build.0 = Release|Any CPU
		{DA95D712-6038-4805-913D-B27CA5AC888F}.Debug|Any CPU.ActiveCfg = Debug|Any CPU
		{DA95D712-6038-4805-913D-B27CA5AC888F}.Debug|Any CPU.Build.0 = Debug|Any CPU
		{DA95D712-6038-4805-913D-B27CA5AC888F}.Release|Any CPU.ActiveCfg = Release|Any CPU
		{DA95D712-6038-4805-913D-B27CA5AC888F}.Release|Any CPU.Build.0 = Release|Any CPU
	EndGlobalSection
	GlobalSection(SolutionProperties) = preSolution
		HideSolutionNode = FALSE
	EndGlobalSection
	GlobalSection(NestedProjects) = preSolution
		{D7ED641A-9720-45CE-A3C5-D265F5FC3E2B} = {0B01FC2B-EC69-4B92-B952-A2EEBB50AF27}
		{94FAFE02-1814-4A5A-8AF6-DB46DA3132D5} = {0B01FC2B-EC69-4B92-B952-A2EEBB50AF27}
		{0D832FAF-16B0-4581-931A-E8401B0C3AA1} = {D4D65EB6-092E-440A-9F19-CD572D53978D}
		{9D133C71-47DF-46B1-9383-79221CA7D11D} = {5E77D158-3EA6-493A-92B0-5A32FB2DBFF7}
		{8BE567B7-837C-4E2F-A79F-F4A4943DB908} = {820A4343-F2E2-4AFA-B86B-B8842FA48FF1}
		{7AD926B6-D5DB-4100-BA50-342E9933FC63} = {D7ED641A-9720-45CE-A3C5-D265F5FC3E2B}
		{4FEF1158-B9D0-425E-A551-DF77EE50BBD1} = {94FAFE02-1814-4A5A-8AF6-DB46DA3132D5}
		{DA95D712-6038-4805-913D-B27CA5AC888F} = {B32350E6-3D9B-4FC2-AD03-45F10E4A06E9}
	EndGlobalSection
	GlobalSection(ExtensibilityGlobals) = postSolution
		SolutionGuid = {6777B989-365F-4903-AE69-34EBE98C2740}
	EndGlobalSection
EndGlobal
